
Microsoft Visual Studio Solution File, Format Version 12.00
# Visual Studio Version 16
VisualStudioVersion = 16.0.29020.237
MinimumVisualStudioVersion = 10.0.40219.1
Project("{2150E333-8FDC-42A3-9474-1A3956D46DE8}") = "0 - UI", "0 - UI", "{4149FD9B-BCB7-4761-B448-AA9E66C64FA0}"
EndProject
Project("{2150E333-8FDC-42A3-9474-1A3956D46DE8}") = "1 - Application", "1 - Application", "{4A8173B0-338A-49AF-A09D-C4E843190F71}"
EndProject
Project("{2150E333-8FDC-42A3-9474-1A3956D46DE8}") = "2 - Domain", "2 - Domain", "{42EB97FC-8E9E-4E22-9B3A-511B336245FA}"
EndProject
Project("{2150E333-8FDC-42A3-9474-1A3956D46DE8}") = "3 - InfraStructure", "3 - InfraStructure", "{9E758C66-7A5C-4805-9115-6DF8679C6C46}"
EndProject
Project("{FAE04EC0-301F-11D3-BF4B-00C04F79EFBC}") = "BluDataSoftware.Application", "BluDataSoftware.Application\BluDataSoftware.Application.csproj", "{26C639DA-DD2F-4F65-ADC4-36AF5917C419}"
EndProject
Project("{FAE04EC0-301F-11D3-BF4B-00C04F79EFBC}") = "BluDataSoftware.Domain", "BluDataSoftware.Domain\BluDataSoftware.Domain.csproj", "{C3980FDF-BE7E-47A1-A277-5FE758388BF0}"
EndProject
Project("{FAE04EC0-301F-11D3-BF4B-00C04F79EFBC}") = "BluDataSoftware.InfraStructure", "BluDataSoftware.InfraStructure\BluDataSoftware.InfraStructure.csproj", "{5C0CDDB3-764C-407D-9084-F889B8DF3E6F}"
EndProject
Project("{FAE04EC0-301F-11D3-BF4B-00C04F79EFBC}") = "BluDataSoftware.UII", "BluDataSoftware.UII\BluDataSoftware.UII.csproj", "{184821A6-6AB7-4AFF-A747-DB18ED5C393A}"
EndProject
Global
	GlobalSection(SolutionConfigurationPlatforms) = preSolution
		Debug|Any CPU = Debug|Any CPU
		Release|Any CPU = Release|Any CPU
	EndGlobalSection
	GlobalSection(ProjectConfigurationPlatforms) = postSolution
		{26C639DA-DD2F-4F65-ADC4-36AF5917C419}.Debug|Any CPU.ActiveCfg = Debug|Any CPU
		{26C639DA-DD2F-4F65-ADC4-36AF5917C419}.Debug|Any CPU.Build.0 = Debug|Any CPU
		{26C639DA-DD2F-4F65-ADC4-36AF5917C419}.Release|Any CPU.ActiveCfg = Release|Any CPU
		{26C639DA-DD2F-4F65-ADC4-36AF5917C419}.Release|Any CPU.Build.0 = Release|Any CPU
		{C3980FDF-BE7E-47A1-A277-5FE758388BF0}.Debug|Any CPU.ActiveCfg = Debug|Any CPU
		{C3980FDF-BE7E-47A1-A277-5FE758388BF0}.Debug|Any CPU.Build.0 = Debug|Any CPU
		{C3980FDF-BE7E-47A1-A277-5FE758388BF0}.Release|Any CPU.ActiveCfg = Release|Any CPU
		{C3980FDF-BE7E-47A1-A277-5FE758388BF0}.Release|Any CPU.Build.0 = Release|Any CPU
		{5C0CDDB3-764C-407D-9084-F889B8DF3E6F}.Debug|Any CPU.ActiveCfg = Debug|Any CPU
		{5C0CDDB3-764C-407D-9084-F889B8DF3E6F}.Debug|Any CPU.Build.0 = Debug|Any CPU
		{5C0CDDB3-764C-407D-9084-F889B8DF3E6F}.Release|Any CPU.ActiveCfg = Release|Any CPU
		{5C0CDDB3-764C-407D-9084-F889B8DF3E6F}.Release|Any CPU.Build.0 = Release|Any CPU
		{184821A6-6AB7-4AFF-A747-DB18ED5C393A}.Debug|Any CPU.ActiveCfg = Debug|Any CPU
		{184821A6-6AB7-4AFF-A747-DB18ED5C393A}.Debug|Any CPU.Build.0 = Debug|Any CPU
		{184821A6-6AB7-4AFF-A747-DB18ED5C393A}.Release|Any CPU.ActiveCfg = Release|Any CPU
		{184821A6-6AB7-4AFF-A747-DB18ED5C393A}.Release|Any CPU.Build.0 = Release|Any CPU
	EndGlobalSection
	GlobalSection(SolutionProperties) = preSolution
		HideSolutionNode = FALSE
	EndGlobalSection
	GlobalSection(NestedProjects) = preSolution
		{26C639DA-DD2F-4F65-ADC4-36AF5917C419} = {4A8173B0-338A-49AF-A09D-C4E843190F71}
		{C3980FDF-BE7E-47A1-A277-5FE758388BF0} = {42EB97FC-8E9E-4E22-9B3A-511B336245FA}
		{5C0CDDB3-764C-407D-9084-F889B8DF3E6F} = {9E758C66-7A5C-4805-9115-6DF8679C6C46}
		{184821A6-6AB7-4AFF-A747-DB18ED5C393A} = {4149FD9B-BCB7-4761-B448-AA9E66C64FA0}
	EndGlobalSection
	GlobalSection(ExtensibilityGlobals) = postSolution
		SolutionGuid = {2B19DD9B-EBB0-4CE5-99C8-ABE2EA835BB3}
	EndGlobalSection
EndGlobal
